
Microsoft Visual Studio Solution File, Format Version 12.00
# Visual Studio Version 17
VisualStudioVersion = 17.6.33801.468
MinimumVisualStudioVersion = 10.0.40219.1
Project("{FAE04EC0-301F-11D3-BF4B-00C04F79EFBC}") = "basicLoops", "basicLoops\basicLoops.csproj", "{8548DCCF-8D9B-486E-A8D0-071CF888B039}"
EndProject
Global
	GlobalSection(SolutionConfigurationPlatforms) = preSolution
		Debug|Any CPU = Debug|Any CPU
		Release|Any CPU = Release|Any CPU
	EndGlobalSection
	GlobalSection(ProjectConfigurationPlatforms) = postSolution
		{8548DCCF-8D9B-486E-A8D0-071CF888B039}.Debug|Any CPU.ActiveCfg = Debug|Any CPU
		{8548DCCF-8D9B-486E-A8D0-071CF888B039}.Debug|Any CPU.Build.0 = Debug|Any CPU
		{8548DCCF-8D9B-486E-A8D0-071CF888B039}.Release|Any CPU.ActiveCfg = Release|Any CPU
		{8548DCCF-8D9B-486E-A8D0-071CF888B039}.Release|Any CPU.Build.0 = Release|Any CPU
	EndGlobalSection
	GlobalSection(SolutionProperties) = preSolution
		HideSolutionNode = FALSE
	EndGlobalSection
	GlobalSection(ExtensibilityGlobals) = postSolution
		SolutionGuid = {55783A5A-2EA1-419D-B86F-C494C564A77F}
	EndGlobalSection
EndGlobal
